
Microsoft Visual Studio Solution File, Format Version 12.00
# Visual Studio Version 17
VisualStudioVersion = 17.9.34728.123
MinimumVisualStudioVersion = 10.0.40219.1
Project("{FAE04EC0-301F-11D3-BF4B-00C04F79EFBC}") = "Serpent", "Serpent\Serpent.csproj", "{29644809-0868-4B38-A976-FAD354FE81A4}"
EndProject
Global
	GlobalSection(SolutionConfigurationPlatforms) = preSolution
		Debug|Any CPU = Debug|Any CPU
		Release|Any CPU = Release|Any CPU
	EndGlobalSection
	GlobalSection(ProjectConfigurationPlatforms) = postSolution
		{29644809-0868-4B38-A976-FAD354FE81A4}.Debug|Any CPU.ActiveCfg = Debug|Any CPU
		{29644809-0868-4B38-A976-FAD354FE81A4}.Debug|Any CPU.Build.0 = Debug|Any CPU
		{29644809-0868-4B38-A976-FAD354FE81A4}.Release|Any CPU.ActiveCfg = Release|Any CPU
		{29644809-0868-4B38-A976-FAD354FE81A4}.Release|Any CPU.Build.0 = Release|Any CPU
	EndGlobalSection
	GlobalSection(SolutionProperties) = preSolution
		HideSolutionNode = FALSE
	EndGlobalSection
	GlobalSection(ExtensibilityGlobals) = postSolution
		SolutionGuid = {A8006DE9-1D63-4677-BF79-C8D8B55741F1}
	EndGlobalSection
EndGlobal
